# This file is automatically @generated by Cargo.
# It is not intended for manual editing.
version = 3

[[package]]
name = "cfg-if"
version = "1.0.0"
source = "registry+https://github.com/rust-lang/crates.io-index"
checksum = "baf1de4339761588bc0619e3cbc0120ee582ebb74b53b4efbf79117bd2da40fd"

[[package]]
name = "crc16"
version = "0.3.4"
source = "registry+https://github.com/rust-lang/crates.io-index"
checksum = "11a65c4797332f3e3a5945e0377875afc79b1bdc87082a4f98ac1ef15b47e2dd"

[[package]]
name = "log"
version = "0.3.9"
source = "registry+https://github.com/rust-lang/crates.io-index"
checksum = "e19e8d5c34a3e0e2223db8e060f9e8264aeeb5c5fc64a4ee9965c062211c024b"
dependencies = [
 "log 0.4.14",
]

[[package]]
name = "log"
version = "0.4.14"
source = "registry+https://github.com/rust-lang/crates.io-index"
checksum = "51b9bbe6c47d51fc3e1a9b945965946b4c44142ab8792c50835a980d362c2710"
dependencies = [
 "cfg-if",
]

[[package]]
name = "rtxlink"
version = "0.1.0"
dependencies = [
 "ymodem",
]

[[package]]
name = "ymodem"
version = "0.1.1"
source = "registry+https://github.com/rust-lang/crates.io-index"
checksum = "92c6c03d31e7fb1db81431819d08690838869d204c20000f66446db030a05db1"
dependencies = [
 "crc16",
 "log 0.3.9",
]
